
Microsoft Visual Studio Solution File, Format Version 9.00
# Visual Studio 2005
Project("{FAE04EC0-301F-11D3-BF4B-00C04F79EFBC}") = "Decode", "Decode\Decode.csproj", "{FC8A802B-36AB-4525-85D9-A9D7DC11EF41}"
EndProject
Global
	GlobalSection(SolutionConfigurationPlatforms) = preSolution
		Debug|Any CPU = Debug|Any CPU
		Release|Any CPU = Release|Any CPU
	EndGlobalSection
	GlobalSection(ProjectConfigurationPlatforms) = postSolution
		{FC8A802B-36AB-4525-85D9-A9D7DC11EF41}.Debug|Any CPU.ActiveCfg = Debug|Any CPU
		{FC8A802B-36AB-4525-85D9-A9D7DC11EF41}.Debug|Any CPU.Build.0 = Debug|Any CPU
		{FC8A802B-36AB-4525-85D9-A9D7DC11EF41}.Debug|Any CPU.Deploy.0 = Debug|Any CPU
		{FC8A802B-36AB-4525-85D9-A9D7DC11EF41}.Release|Any CPU.ActiveCfg = Release|Any CPU
		{FC8A802B-36AB-4525-85D9-A9D7DC11EF41}.Release|Any CPU.Build.0 = Release|Any CPU
		{FC8A802B-36AB-4525-85D9-A9D7DC11EF41}.Release|Any CPU.Deploy.0 = Release|Any CPU
	EndGlobalSection
	GlobalSection(SolutionProperties) = preSolution
		HideSolutionNode = FALSE
	EndGlobalSection
EndGlobal
